// !$*UTF8*$!
{
	archiveVersion = 1;
	classes = {
	};
	objectVersion = 46;
	objects = {

/* Begin PBXBuildFile section */
		6C0E7A491C767F1400C17209 /* AppDelegate.swift in Sources */ = {isa = PBXBuildFile; fileRef = 6C0E7A481C767F1400C17209 /* AppDelegate.swift */; };
		6C0E7A4E1C767F1400C17209 /* Main.storyboard in Resources */ = {isa = PBXBuildFile; fileRef = 6C0E7A4C1C767F1400C17209 /* Main.storyboard */; };
		6C0E7A501C767F1400C17209 /* Assets.xcassets in Resources */ = {isa = PBXBuildFile; fileRef = 6C0E7A4F1C767F1400C17209 /* Assets.xcassets */; };
		6C0E7A531C767F1400C17209 /* LaunchScreen.storyboard in Resources */ = {isa = PBXBuildFile; fileRef = 6C0E7A511C767F1400C17209 /* LaunchScreen.storyboard */; };
		6C0E7A5C1C76825800C17209 /* LoginViewController.swift in Sources */ = {isa = PBXBuildFile; fileRef = 6C0E7A5B1C76825800C17209 /* LoginViewController.swift */; };
		6C1747E61C76B207002FE173 /* TwitterClient.swift in Sources */ = {isa = PBXBuildFile; fileRef = 6C1747E51C76B207002FE173 /* TwitterClient.swift */; };
		6C6F3BCF1C77ADF000525809 /* TweetsViewController.swift in Sources */ = {isa = PBXBuildFile; fileRef = 6C6F3BCE1C77ADF000525809 /* TweetsViewController.swift */; };
		6C6F3BD21C79652C00525809 /* TweetCell.swift in Sources */ = {isa = PBXBuildFile; fileRef = 6C6F3BD11C79652C00525809 /* TweetCell.swift */; };
		6C6F3BD41C7BF6BF00525809 /* TweetDetailViewController.swift in Sources */ = {isa = PBXBuildFile; fileRef = 6C6F3BD31C7BF6BF00525809 /* TweetDetailViewController.swift */; };
		6C8BA9511C76A36500B57EC7 /* User.swift in Sources */ = {isa = PBXBuildFile; fileRef = 6C8BA9501C76A36500B57EC7 /* User.swift */; };
		6C8BA9531C76A3D600B57EC7 /* Tweet.swift in Sources */ = {isa = PBXBuildFile; fileRef = 6C8BA9521C76A3D600B57EC7 /* Tweet.swift */; };
		72587F3AF9621D4CD93C001F /* Pods_TwitterDemo.framework in Frameworks */ = {isa = PBXBuildFile; fileRef = C4C8CC87C2097590BB033960 /* Pods_TwitterDemo.framework */; };
/* End PBXBuildFile section */

/* Begin PBXFileReference section */
		2A1B44031DD7D892625FB3A6 /* Pods-TwitterDemo.debug.xcconfig */ = {isa = PBXFileReference; includeInIndex = 1; lastKnownFileType = text.xcconfig; name = "Pods-TwitterDemo.debug.xcconfig"; path = "Pods/Target Support Files/Pods-TwitterDemo/Pods-TwitterDemo.debug.xcconfig"; sourceTree = "<group>"; };
		6C0E7A451C767F1400C17209 /* TwitterDemo.app */ = {isa = PBXFileReference; explicitFileType = wrapper.application; includeInIndex = 0; path = TwitterDemo.app; sourceTree = BUILT_PRODUCTS_DIR; };
		6C0E7A481C767F1400C17209 /* AppDelegate.swift */ = {isa = PBXFileReference; lastKnownFileType = sourcecode.swift; path = AppDelegate.swift; sourceTree = "<group>"; };
		6C0E7A4D1C767F1400C17209 /* Base */ = {isa = PBXFileReference; lastKnownFileType = file.storyboard; name = Base; path = Base.lproj/Main.storyboard; sourceTree = "<group>"; };
		6C0E7A4F1C767F1400C17209 /* Assets.xcassets */ = {isa = PBXFileReference; lastKnownFileType = folder.assetcatalog; path = Assets.xcassets; sourceTree = "<group>"; };
		6C0E7A521C767F1400C17209 /* Base */ = {isa = PBXFileReference; lastKnownFileType = file.storyboard; name = Base; path = Base.lproj/LaunchScreen.storyboard; sourceTree = "<group>"; };
		6C0E7A541C767F1400C17209 /* Info.plist */ = {isa = PBXFileReference; lastKnownFileType = text.plist.xml; path = Info.plist; sourceTree = "<group>"; };
		6C0E7A5B1C76825800C17209 /* LoginViewController.swift */ = {isa = PBXFileReference; fileEncoding = 4; lastKnownFileType = sourcecode.swift; path = LoginViewController.swift; sourceTree = "<group>"; };
		6C1747E51C76B207002FE173 /* TwitterClient.swift */ = {isa = PBXFileReference; fileEncoding = 4; lastKnownFileType = sourcecode.swift; path = TwitterClient.swift; sourceTree = "<group>"; };
		6C6F3BCE1C77ADF000525809 /* TweetsViewController.swift */ = {isa = PBXFileReference; fileEncoding = 4; lastKnownFileType = sourcecode.swift; path = TweetsViewController.swift; sourceTree = "<group>"; };
		6C6F3BD11C79652C00525809 /* TweetCell.swift */ = {isa = PBXFileReference; fileEncoding = 4; lastKnownFileType = sourcecode.swift; path = TweetCell.swift; sourceTree = "<group>"; };
		6C6F3BD31C7BF6BF00525809 /* TweetDetailViewController.swift */ = {isa = PBXFileReference; fileEncoding = 4; lastKnownFileType = sourcecode.swift; path = TweetDetailViewController.swift; sourceTree = "<group>"; };
		6C8BA9501C76A36500B57EC7 /* User.swift */ = {isa = PBXFileReference; fileEncoding = 4; lastKnownFileType = sourcecode.swift; path = User.swift; sourceTree = "<group>"; };
		6C8BA9521C76A3D600B57EC7 /* Tweet.swift */ = {isa = PBXFileReference; fileEncoding = 4; lastKnownFileType = sourcecode.swift; path = Tweet.swift; sourceTree = "<group>"; };
		C4C8CC87C2097590BB033960 /* Pods_TwitterDemo.framework */ = {isa = PBXFileReference; explicitFileType = wrapper.framework; includeInIndex = 0; path = Pods_TwitterDemo.framework; sourceTree = BUILT_PRODUCTS_DIR; };
		FDBFB984135421ADFE677314 /* Pods-TwitterDemo.release.xcconfig */ = {isa = PBXFileReference; includeInIndex = 1; lastKnownFileType = text.xcconfig; name = "Pods-TwitterDemo.release.xcconfig"; path = "Pods/Target Support Files/Pods-TwitterDemo/Pods-TwitterDemo.release.xcconfig"; sourceTree = "<group>"; };
/* End PBXFileReference section */

/* Begin PBXFrameworksBuildPhase section */
		6C0E7A421C767F1400C17209 /* Frameworks */ = {
			isa = PBXFrameworksBuildPhase;
			buildActionMask = 2147483647;
			files = (
				72587F3AF9621D4CD93C001F /* Pods_TwitterDemo.framework in Frameworks */,
			);
			runOnlyForDeploymentPostprocessing = 0;
		};
/* End PBXFrameworksBuildPhase section */

/* Begin PBXGroup section */
		5F175FEA463474C8D5F14C6A /* Pods */ = {
			isa = PBXGroup;
			children = (
				2A1B44031DD7D892625FB3A6 /* Pods-TwitterDemo.debug.xcconfig */,
				FDBFB984135421ADFE677314 /* Pods-TwitterDemo.release.xcconfig */,
			);
			name = Pods;
			sourceTree = "<group>";
		};
		6C0E7A3C1C767F1300C17209 = {
			isa = PBXGroup;
			children = (
				6C0E7A471C767F1400C17209 /* TwitterDemo */,
				6C0E7A461C767F1400C17209 /* Products */,
				5F175FEA463474C8D5F14C6A /* Pods */,
				A25F8BB6C35B94AA42309536 /* Frameworks */,
			);
			sourceTree = "<group>";
		};
		6C0E7A461C767F1400C17209 /* Products */ = {
			isa = PBXGroup;
			children = (
				6C0E7A451C767F1400C17209 /* TwitterDemo.app */,
			);
			name = Products;
			sourceTree = "<group>";
		};
		6C0E7A471C767F1400C17209 /* TwitterDemo */ = {
			isa = PBXGroup;
			children = (
				6C6F3BD01C79646900525809 /* Views */,
				6C1747E41C76B188002FE173 /* API */,
				6C8BA94F1C76A2E300B57EC7 /* Models */,
				6C0E7A5A1C76820D00C17209 /* ViewControllers */,
				6C0E7A481C767F1400C17209 /* AppDelegate.swift */,
				6C0E7A4C1C767F1400C17209 /* Main.storyboard */,
				6C0E7A4F1C767F1400C17209 /* Assets.xcassets */,
				6C0E7A511C767F1400C17209 /* LaunchScreen.storyboard */,
				6C0E7A541C767F1400C17209 /* Info.plist */,
			);
			path = TwitterDemo;
			sourceTree = "<group>";
		};
		6C0E7A5A1C76820D00C17209 /* ViewControllers */ = {
			isa = PBXGroup;
			children = (
				6C0E7A5B1C76825800C17209 /* LoginViewController.swift */,
				6C6F3BCE1C77ADF000525809 /* TweetsViewController.swift */,
				6C6F3BD31C7BF6BF00525809 /* TweetDetailViewController.swift */,
			);
			name = ViewControllers;
			sourceTree = "<group>";
		};
		6C1747E41C76B188002FE173 /* API */ = {
			isa = PBXGroup;
			children = (
				6C1747E51C76B207002FE173 /* TwitterClient.swift */,
			);
			name = API;
			sourceTree = "<group>";
		};
		6C6F3BD01C79646900525809 /* Views */ = {
			isa = PBXGroup;
			children = (
				6C6F3BD11C79652C00525809 /* TweetCell.swift */,
			);
			name = Views;
			sourceTree = "<group>";
		};
		6C8BA94F1C76A2E300B57EC7 /* Models */ = {
			isa = PBXGroup;
			children = (
				6C8BA9501C76A36500B57EC7 /* User.swift */,
				6C8BA9521C76A3D600B57EC7 /* Tweet.swift */,
			);
			name = Models;
			sourceTree = "<group>";
		};
		A25F8BB6C35B94AA42309536 /* Frameworks */ = {
			isa = PBXGroup;
			children = (
				C4C8CC87C2097590BB033960 /* Pods_TwitterDemo.framework */,
			);
			name = Frameworks;
			sourceTree = "<group>";
		};
/* End PBXGroup section */

/* Begin PBXNativeTarget section */
		6C0E7A441C767F1400C17209 /* TwitterDemo */ = {
			isa = PBXNativeTarget;
			buildConfigurationList = 6C0E7A571C767F1400C17209 /* Build configuration list for PBXNativeTarget "TwitterDemo" */;
			buildPhases = (
				AAA89DFABC22F88CC9261173 /* Check Pods Manifest.lock */,
				6C0E7A411C767F1400C17209 /* Sources */,
				6C0E7A421C767F1400C17209 /* Frameworks */,
				6C0E7A431C767F1400C17209 /* Resources */,
				59834B80B02A9CDB0DB39A74 /* Embed Pods Frameworks */,
				324D90A41C3DAE00CAAA9739 /* Copy Pods Resources */,
			);
			buildRules = (
			);
			dependencies = (
			);
			name = TwitterDemo;
			productName = TwitterDemo;
			productReference = 6C0E7A451C767F1400C17209 /* TwitterDemo.app */;
			productType = "com.apple.product-type.application";
		};
/* End PBXNativeTarget section */

/* Begin PBXProject section */
		6C0E7A3D1C767F1400C17209 /* Project object */ = {
			isa = PBXProject;
			attributes = {
				LastSwiftUpdateCheck = 0720;
				LastUpgradeCheck = 0720;
				ORGANIZATIONNAME = "KCharles Inc";
				TargetAttributes = {
					6C0E7A441C767F1400C17209 = {
						CreatedOnToolsVersion = 7.2;
					};
				};
			};
			buildConfigurationList = 6C0E7A401C767F1400C17209 /* Build configuration list for PBXProject "TwitterDemo" */;
			compatibilityVersion = "Xcode 3.2";
			developmentRegion = English;
			hasScannedForEncodings = 0;
			knownRegions = (
				en,
				Base,
			);
			mainGroup = 6C0E7A3C1C767F1300C17209;
			productRefGroup = 6C0E7A461C767F1400C17209 /* Products */;
			projectDirPath = "";
			projectRoot = "";
			targets = (
				6C0E7A441C767F1400C17209 /* TwitterDemo */,
			);
		};
/* End PBXProject section */

/* Begin PBXResourcesBuildPhase section */
		6C0E7A431C767F1400C17209 /* Resources */ = {
			isa = PBXResourcesBuildPhase;
			buildActionMask = 2147483647;
			files = (
				6C0E7A531C767F1400C17209 /* LaunchScreen.storyboard in Resources */,
				6C0E7A501C767F1400C17209 /* Assets.xcassets in Resources */,
				6C0E7A4E1C767F1400C17209 /* Main.storyboard in Resources */,
			);
			runOnlyForDeploymentPostprocessing = 0;
		};
/* End PBXResourcesBuildPhase section */

/* Begin PBXShellScriptBuildPhase section */
		324D90A41C3DAE00CAAA9739 /* Copy Pods Resources */ = {
			isa = PBXShellScriptBuildPhase;
			buildActionMask = 2147483647;
			files = (
			);
			inputPaths = (
			);
			name = "Copy Pods Resources";
			outputPaths = (
			);
			runOnlyForDeploymentPostprocessing = 0;
			shellPath = /bin/sh;
			shellScript = "\"${SRCROOT}/Pods/Target Support Files/Pods-TwitterDemo/Pods-TwitterDemo-resources.sh\"\n";
			showEnvVarsInLog = 0;
		};
		59834B80B02A9CDB0DB39A74 /* Embed Pods Frameworks */ = {
			isa = PBXShellScriptBuildPhase;
			buildActionMask = 2147483647;
			files = (
			);
			inputPaths = (
			);
			name = "Embed Pods Frameworks";
			outputPaths = (
			);
			runOnlyForDeploymentPostprocessing = 0;
			shellPath = /bin/sh;
			shellScript = "\"${SRCROOT}/Pods/Target Support Files/Pods-TwitterDemo/Pods-TwitterDemo-frameworks.sh\"\n";
			showEnvVarsInLog = 0;
		};
		AAA89DFABC22F88CC9261173 /* Check Pods Manifest.lock */ = {
			isa = PBXShellScriptBuildPhase;
			buildActionMask = 2147483647;
			files = (
			);
			inputPaths = (
			);
			name = "Check Pods Manifest.lock";
			outputPaths = (
			);
			runOnlyForDeploymentPostprocessing = 0;
			shellPath = /bin/sh;
			shellScript = "diff \"${PODS_ROOT}/../Podfile.lock\" \"${PODS_ROOT}/Manifest.lock\" > /dev/null\nif [[ $? != 0 ]] ; then\n    cat << EOM\nerror: The sandbox is not in sync with the Podfile.lock. Run 'pod install' or update your CocoaPods installation.\nEOM\n    exit 1\nfi\n";
			showEnvVarsInLog = 0;
		};
/* End PBXShellScriptBuildPhase section */

/* Begin PBXSourcesBuildPhase section */
		6C0E7A411C767F1400C17209 /* Sources */ = {
			isa = PBXSourcesBuildPhase;
			buildActionMask = 2147483647;
			files = (
				6C8BA9511C76A36500B57EC7 /* User.swift in Sources */,
				6C6F3BD21C79652C00525809 /* TweetCell.swift in Sources */,
				6C8BA9531C76A3D600B57EC7 /* Tweet.swift in Sources */,
				6C0E7A5C1C76825800C17209 /* LoginViewController.swift in Sources */,
				6C6F3BCF1C77ADF000525809 /* TweetsViewController.swift in Sources */,
				6C6F3BD41C7BF6BF00525809 /* TweetDetailViewController.swift in Sources */,
				6C1747E61C76B207002FE173 /* TwitterClient.swift in Sources */,
				6C0E7A491C767F1400C17209 /* AppDelegate.swift in Sources */,
			);
			runOnlyForDeploymentPostprocessing = 0;
		};
/* End PBXSourcesBuildPhase section */

/* Begin PBXVariantGroup section */
		6C0E7A4C1C767F1400C17209 /* Main.storyboard */ = {
			isa = PBXVariantGroup;
			children = (
				6C0E7A4D1C767F1400C17209 /* Base */,
			);
			name = Main.storyboard;
			sourceTree = "<group>";
		};
		6C0E7A511C767F1400C17209 /* LaunchScreen.storyboard */ = {
			isa = PBXVariantGroup;
			children = (
				6C0E7A521C767F1400C17209 /* Base */,
			);
			name = LaunchScreen.storyboard;
			sourceTree = "<group>";
		};
/* End PBXVariantGroup section */

/* Begin XCBuildConfiguration section */
		6C0E7A551C767F1400C17209 /* Debug */ = {
			isa = XCBuildConfiguration;
			buildSettings = {
				ALWAYS_SEARCH_USER_PATHS = NO;
				CLANG_CXX_LANGUAGE_STANDARD = "gnu++0x";
				CLANG_CXX_LIBRARY = "libc++";
				CLANG_ENABLE_MODULES = YES;
				CLANG_ENABLE_OBJC_ARC = YES;
				CLANG_WARN_BOOL_CONVERSION = YES;
				CLANG_WARN_CONSTANT_CONVERSION = YES;
				CLANG_WARN_DIRECT_OBJC_ISA_USAGE = YES_ERROR;
				CLANG_WARN_EMPTY_BODY = YES;
				CLANG_WARN_ENUM_CONVERSION = YES;
				CLANG_WARN_INT_CONVERSION = YES;
				CLANG_WARN_OBJC_ROOT_CLASS = YES_ERROR;
				CLANG_WARN_UNREACHABLE_CODE = YES;
				CLANG_WARN__DUPLICATE_METHOD_MATCH = YES;
				"CODE_SIGN_IDENTITY[sdk=iphoneos*]" = "iPhone Developer";
				COPY_PHASE_STRIP = NO;
				DEBUG_INFORMATION_FORMAT = dwarf;
				ENABLE_STRICT_OBJC_MSGSEND = YES;
				ENABLE_TESTABILITY = YES;
				GCC_C_LANGUAGE_STANDARD = gnu99;
				GCC_DYNAMIC_NO_PIC = NO;
				GCC_NO_COMMON_BLOCKS = YES;
				GCC_OPTIMIZATION_LEVEL = 0;
				GCC_PREPROCESSOR_DEFINITIONS = (
					"DEBUG=1",
					"$(inherited)",
				);
				GCC_WARN_64_TO_32_BIT_CONVERSION = YES;
				GCC_WARN_ABOUT_RETURN_TYPE = YES_ERROR;
				GCC_WARN_UNDECLARED_SELECTOR = YES;
				GCC_WARN_UNINITIALIZED_AUTOS = YES_AGGRESSIVE;
				GCC_WARN_UNUSED_FUNCTION = YES;
				GCC_WARN_UNUSED_VARIABLE = YES;
				IPHONEOS_DEPLOYMENT_TARGET = 9.2;
				MTL_ENABLE_DEBUG_INFO = YES;
				ONLY_ACTIVE_ARCH = YES;
				SDKROOT = iphoneos;
				SWIFT_OPTIMIZATION_LEVEL = "-Onone";
			};
			name = Debug;
		};
		6C0E7A561C767F1400C17209 /* Release */ = {
			isa = XCBuildConfiguration;
			buildSettings = {
				ALWAYS_SEARCH_USER_PATHS = NO;
				CLANG_CXX_LANGUAGE_STANDARD = "gnu++0x";
				CLANG_CXX_LIBRARY = "libc++";
				CLANG_ENABLE_MODULES = YES;
				CLANG_ENABLE_OBJC_ARC = YES;
				CLANG_WARN_BOOL_CONVERSION = YES;
				CLANG_WARN_CONSTANT_CONVERSION = YES;
				CLANG_WARN_DIRECT_OBJC_ISA_USAGE = YES_ERROR;
				CLANG_WARN_EMPTY_BODY = YES;
				CLANG_WARN_ENUM_CONVERSION = YES;
				CLANG_WARN_INT_CONVERSION = YES;
				CLANG_WARN_OBJC_ROOT_CLASS = YES_ERROR;
				CLANG_WARN_UNREACHABLE_CODE = YES;
				CLANG_WARN__DUPLICATE_METHOD_MATCH = YES;
				"CODE_SIGN_IDENTITY[sdk=iphoneos*]" = "iPhone Developer";
				COPY_PHASE_STRIP = NO;
				DEBUG_INFORMATION_FORMAT = "dwarf-with-dsym";
				ENABLE_NS_ASSERTIONS = NO;
				ENABLE_STRICT_OBJC_MSGSEND = YES;
				GCC_C_LANGUAGE_STANDARD = gnu99;
				GCC_NO_COMMON_BLOCKS = YES;
				GCC_WARN_64_TO_32_BIT_CONVERSION = YES;
				GCC_WARN_ABOUT_RETURN_TYPE = YES_ERROR;
				GCC_WARN_UNDECLARED_SELECTOR = YES;
				GCC_WARN_UNINITIALIZED_AUTOS = YES_AGGRESSIVE;
				GCC_WARN_UNUSED_FUNCTION = YES;
				GCC_WARN_UNUSED_VARIABLE = YES;
				IPHONEOS_DEPLOYMENT_TARGET = 9.2;
				MTL_ENABLE_DEBUG_INFO = NO;
				SDKROOT = iphoneos;
				VALIDATE_PRODUCT = YES;
			};
			name = Release;
		};
		6C0E7A581C767F1400C17209 /* Debug */ = {
			isa = XCBuildConfiguration;
			baseConfigurationReference = 2A1B44031DD7D892625FB3A6 /* Pods-TwitterDemo.debug.xcconfig */;
			buildSettings = {
				ASSETCATALOG_COMPILER_APPICON_NAME = AppIcon;
				INFOPLIST_FILE = TwitterDemo/Info.plist;
				LD_RUNPATH_SEARCH_PATHS = "$(inherited) @executable_path/Frameworks";
				PRODUCT_BUNDLE_IDENTIFIER = KC.TwitterDemo;
				PRODUCT_NAME = "$(TARGET_NAME)";
			};
			name = Debug;
		};
		6C0E7A591C767F1400C17209 /* Release */ = {
			isa = XCBuildConfiguration;
			baseConfigurationReference = FDBFB984135421ADFE677314 /* Pods-TwitterDemo.release.xcconfig */;
			buildSettings = {
				ASSETCATALOG_COMPILER_APPICON_NAME = AppIcon;
				INFOPLIST_FILE = TwitterDemo/Info.plist;
				LD_RUNPATH_SEARCH_PATHS = "$(inherited) @executable_path/Frameworks";
				PRODUCT_BUNDLE_IDENTIFIER = KC.TwitterDemo;
				PRODUCT_NAME = "$(TARGET_NAME)";
			};
			name = Release;
		};
/* End XCBuildConfiguration section */

/* Begin XCConfigurationList section */
		6C0E7A401C767F1400C17209 /* Build configuration list for PBXProject "TwitterDemo" */ = {
			isa = XCConfigurationList;
			buildConfigurations = (
				6C0E7A551C767F1400C17209 /* Debug */,
				6C0E7A561C767F1400C17209 /* Release */,
			);
			defaultConfigurationIsVisible = 0;
			defaultConfigurationName = Release;
		};
		6C0E7A571C767F1400C17209 /* Build configuration list for PBXNativeTarget "TwitterDemo" */ = {
			isa = XCConfigurationList;
			buildConfigurations = (
				6C0E7A581C767F1400C17209 /* Debug */,
				6C0E7A591C767F1400C17209 /* Release */,
			);
			defaultConfigurationIsVisible = 0;
			defaultConfigurationName = Release;
		};
/* End XCConfigurationList section */
	};
	rootObject = 6C0E7A3D1C767F1400C17209 /* Project object */;
}
